
Microsoft Visual Studio Solution File, Format Version 12.00
# Visual Studio Version 17
VisualStudioVersion = 17.10.35013.160
MinimumVisualStudioVersion = 10.0.40219.1
Project("{FAE04EC0-301F-11D3-BF4B-00C04F79EFBC}") = "RadialPrinter", "RadialPrinter.csproj", "{0CA7A175-F53F-4F49-B651-0E66EEFA9463}"
EndProject
Global
	GlobalSection(SolutionConfigurationPlatforms) = preSolution
		Debug|Any CPU = Debug|Any CPU
		Release|Any CPU = Release|Any CPU
	EndGlobalSection
	GlobalSection(ProjectConfigurationPlatforms) = postSolution
		{0CA7A175-F53F-4F49-B651-0E66EEFA9463}.Debug|Any CPU.ActiveCfg = Debug|Any CPU
		{0CA7A175-F53F-4F49-B651-0E66EEFA9463}.Debug|Any CPU.Build.0 = Debug|Any CPU
		{0CA7A175-F53F-4F49-B651-0E66EEFA9463}.Release|Any CPU.ActiveCfg = Release|Any CPU
		{0CA7A175-F53F-4F49-B651-0E66EEFA9463}.Release|Any CPU.Build.0 = Release|Any CPU
	EndGlobalSection
	GlobalSection(SolutionProperties) = preSolution
		HideSolutionNode = FALSE
	EndGlobalSection
	GlobalSection(ExtensibilityGlobals) = postSolution
		SolutionGuid = {68ED60BE-679C-4010-B65C-F1EC39290A20}
	EndGlobalSection
EndGlobal
